<?xml version="1.0" encoding="utf-8"?>
<Project ToolsVersion="4.0" xmlns="http://schemas.microsoft.com/developer/msbuild/2003">
  <ItemGroup>
    <Filter Include="Components">
      <UniqueIdentifier>{6B7DD516-5735-1764-C03C-F0BFAC13B254}</UniqueIdentifier>
    </Filter>
    <Filter Include="Core">
      <UniqueIdentifier>{2EB4837C-1AEB-840D-C3D7-6A10AFED000F}</UniqueIdentifier>
    </Filter>
    <Filter Include="Event">
      <UniqueIdentifier>{E70B220D-5320-4ABE-1CA2-ED1D887546EF}</UniqueIdentifier>
    </Filter>
  </ItemGroup>
  <ItemGroup>
    <ClInclude Include="src\Components\ScriptComponent.h">
      <Filter>Components</Filter>
    </ClInclude>
    <ClInclude Include="src\Core\Application.h">
      <Filter>Core</Filter>
    </ClInclude>
    <ClInclude Include="src\Core\Core.h">
      <Filter>Core</Filter>
    </ClInclude>
    <ClInclude Include="src\Core\EntryPoint.h">
      <Filter>Core</Filter>
    </ClInclude>
    <ClInclude Include="src\Core\Input.h">
      <Filter>Core</Filter>
    </ClInclude>
    <ClInclude Include="src\Core\Log.h">
      <Filter>Core</Filter>
    </ClInclude>
    <ClInclude Include="src\Core\Time.h">
      <Filter>Core</Filter>
    </ClInclude>
    <ClInclude Include="src\Core\Timer.h">
      <Filter>Core</Filter>
    </ClInclude>
    <ClInclude Include="src\Core\Window.h">
      <Filter>Core</Filter>
    </ClInclude>
    <ClInclude Include="src\Event\Event.h">
      <Filter>Event</Filter>
    </ClInclude>
    <ClInclude Include="src\Event\InputEvent.h">
      <Filter>Event</Filter>
    </ClInclude>
    <ClInclude Include="src\Event\WindowEvent.h">
      <Filter>Event</Filter>
    </ClInclude>
    <ClInclude Include="src\GameEngine.h" />
    <ClInclude Include="src\pch.h" />
    <ClInclude Include="src\Renderer\RenderingContext.h" />
    <ClInclude Include="src\RenderingAPI\OpenGL\OpenGLContext.h" />
    <ClInclude Include="src\Renderer\Buffer.h" />
    <ClInclude Include="src\Renderer\Shader.h" />
    <ClInclude Include="src\Core\AssetLoader.h" />
  </ItemGroup>
  <ItemGroup>
    <ClCompile Include="src\Core\Application.cpp">
      <Filter>Core</Filter>
    </ClCompile>
    <ClCompile Include="src\Core\Input.cpp">
      <Filter>Core</Filter>
    </ClCompile>
    <ClCompile Include="src\Core\Log.cpp">
      <Filter>Core</Filter>
    </ClCompile>
    <ClCompile Include="src\Core\Window.cpp">
      <Filter>Core</Filter>
    </ClCompile>
    <ClCompile Include="src\pch.cpp" />
    <ClCompile Include="src\Renderer\RenderingContext.cpp" />
    <ClCompile Include="src\RenderingAPI\OpenGL\OpenGLContext.cpp" />
    <ClCompile Include="src\Renderer\Buffer.cpp" />
    <ClCompile Include="src\Renderer\Shader.cpp" />
    <ClCompile Include="src\Core\AssetLoader.cpp" />
  </ItemGroup>
  <ItemGroup>
    <None Include="assets\shaders\Basic.vert" />
    <None Include="assets\shaders\Basic.frag" />
  </ItemGroup>
</Project>